
Microsoft Visual Studio Solution File, Format Version 12.00
# Visual Studio Version 17
VisualStudioVersion = 17.6.33829.357
MinimumVisualStudioVersion = 10.0.40219.1
Project("{FAE04EC0-301F-11D3-BF4B-00C04F79EFBC}") = "CalcolatriceBitwise", "CalcolatriceBitwise\CalcolatriceBitwise.csproj", "{DC49495A-24CA-448B-8989-4759187AF2D5}"
EndProject
Global
	GlobalSection(SolutionConfigurationPlatforms) = preSolution
		Debug|Any CPU = Debug|Any CPU
		Release|Any CPU = Release|Any CPU
	EndGlobalSection
	GlobalSection(ProjectConfigurationPlatforms) = postSolution
		{DC49495A-24CA-448B-8989-4759187AF2D5}.Debug|Any CPU.ActiveCfg = Debug|Any CPU
		{DC49495A-24CA-448B-8989-4759187AF2D5}.Debug|Any CPU.Build.0 = Debug|Any CPU
		{DC49495A-24CA-448B-8989-4759187AF2D5}.Release|Any CPU.ActiveCfg = Release|Any CPU
		{DC49495A-24CA-448B-8989-4759187AF2D5}.Release|Any CPU.Build.0 = Release|Any CPU
	EndGlobalSection
	GlobalSection(SolutionProperties) = preSolution
		HideSolutionNode = FALSE
	EndGlobalSection
	GlobalSection(ExtensibilityGlobals) = postSolution
		SolutionGuid = {DED831D4-818A-458B-AE69-2FCC6188D745}
	EndGlobalSection
EndGlobal
