
Microsoft Visual Studio Solution File, Format Version 12.00
# Visual Studio Version 17
VisualStudioVersion = 17.6.33829.357
MinimumVisualStudioVersion = 10.0.40219.1
Project("{FAE04EC0-301F-11D3-BF4B-00C04F79EFBC}") = "ConsoleAppCountDownRework", "ConsoleAppCountDownRework\ConsoleAppCountDownRework.csproj", "{381CCC5C-AA61-42A3-8407-85AE93E70378}"
EndProject
Global
	GlobalSection(SolutionConfigurationPlatforms) = preSolution
		Debug|Any CPU = Debug|Any CPU
		Release|Any CPU = Release|Any CPU
	EndGlobalSection
	GlobalSection(ProjectConfigurationPlatforms) = postSolution
		{381CCC5C-AA61-42A3-8407-85AE93E70378}.Debug|Any CPU.ActiveCfg = Debug|Any CPU
		{381CCC5C-AA61-42A3-8407-85AE93E70378}.Debug|Any CPU.Build.0 = Debug|Any CPU
		{381CCC5C-AA61-42A3-8407-85AE93E70378}.Release|Any CPU.ActiveCfg = Release|Any CPU
		{381CCC5C-AA61-42A3-8407-85AE93E70378}.Release|Any CPU.Build.0 = Release|Any CPU
	EndGlobalSection
	GlobalSection(SolutionProperties) = preSolution
		HideSolutionNode = FALSE
	EndGlobalSection
	GlobalSection(ExtensibilityGlobals) = postSolution
		SolutionGuid = {1B26675A-8952-4830-B2F9-C5AA39FC7EC9}
	EndGlobalSection
EndGlobal
