
Microsoft Visual Studio Solution File, Format Version 12.00
# Visual Studio Version 17
VisualStudioVersion = 17.7.34202.233
MinimumVisualStudioVersion = 10.0.40219.1
Project("{FAE04EC0-301F-11D3-BF4B-00C04F79EFBC}") = "ListaPrezzoProdotti", "ConsoleAppEsercizio3Cicli\ListaPrezzoProdotti.csproj", "{765911B6-6607-4156-A5E8-A9EA2B968A02}"
EndProject
Global
	GlobalSection(SolutionConfigurationPlatforms) = preSolution
		Debug|Any CPU = Debug|Any CPU
		Release|Any CPU = Release|Any CPU
	EndGlobalSection
	GlobalSection(ProjectConfigurationPlatforms) = postSolution
		{765911B6-6607-4156-A5E8-A9EA2B968A02}.Debug|Any CPU.ActiveCfg = Debug|Any CPU
		{765911B6-6607-4156-A5E8-A9EA2B968A02}.Debug|Any CPU.Build.0 = Debug|Any CPU
		{765911B6-6607-4156-A5E8-A9EA2B968A02}.Release|Any CPU.ActiveCfg = Release|Any CPU
		{765911B6-6607-4156-A5E8-A9EA2B968A02}.Release|Any CPU.Build.0 = Release|Any CPU
	EndGlobalSection
	GlobalSection(SolutionProperties) = preSolution
		HideSolutionNode = FALSE
	EndGlobalSection
	GlobalSection(ExtensibilityGlobals) = postSolution
		SolutionGuid = {B514B008-A6D6-413B-A8BE-9DCEB5B1EE7B}
	EndGlobalSection
EndGlobal
